
Microsoft Visual Studio Solution File, Format Version 12.00
# Visual Studio 15
VisualStudioVersion = 15.0.27130.2027
MinimumVisualStudioVersion = 10.0.40219.1
Project("{FAE04EC0-301F-11D3-BF4B-00C04F79EFBC}") = "Krypt-Illogical", "Krypt-Illogical\Krypt-Illogical.csproj", "{575C2565-6D87-41E3-88DA-D0DBE1F7F2CE}"
EndProject
Project("{FAE04EC0-301F-11D3-BF4B-00C04F79EFBC}") = "KI Ellipse", "KI Ellipse\KI Ellipse.csproj", "{9BEA34A6-3870-46AF-8720-1FC294BB17AA}"
EndProject
Global
	GlobalSection(SolutionConfigurationPlatforms) = preSolution
		Debug|Any CPU = Debug|Any CPU
		Release|Any CPU = Release|Any CPU
	EndGlobalSection
	GlobalSection(ProjectConfigurationPlatforms) = postSolution
		{575C2565-6D87-41E3-88DA-D0DBE1F7F2CE}.Debug|Any CPU.ActiveCfg = Debug|Any CPU
		{575C2565-6D87-41E3-88DA-D0DBE1F7F2CE}.Debug|Any CPU.Build.0 = Debug|Any CPU
		{575C2565-6D87-41E3-88DA-D0DBE1F7F2CE}.Release|Any CPU.ActiveCfg = Release|Any CPU
		{575C2565-6D87-41E3-88DA-D0DBE1F7F2CE}.Release|Any CPU.Build.0 = Release|Any CPU
		{9BEA34A6-3870-46AF-8720-1FC294BB17AA}.Debug|Any CPU.ActiveCfg = Debug|Any CPU
		{9BEA34A6-3870-46AF-8720-1FC294BB17AA}.Debug|Any CPU.Build.0 = Debug|Any CPU
		{9BEA34A6-3870-46AF-8720-1FC294BB17AA}.Release|Any CPU.ActiveCfg = Release|Any CPU
		{9BEA34A6-3870-46AF-8720-1FC294BB17AA}.Release|Any CPU.Build.0 = Release|Any CPU
	EndGlobalSection
	GlobalSection(SolutionProperties) = preSolution
		HideSolutionNode = FALSE
	EndGlobalSection
	GlobalSection(ExtensibilityGlobals) = postSolution
		SolutionGuid = {E9DD5CA7-3215-468E-8513-D9F162A6A034}
	EndGlobalSection
EndGlobal
